
Microsoft Visual Studio Solution File, Format Version 12.00
# Visual Studio 15
VisualStudioVersion = 15.0.28307.168
MinimumVisualStudioVersion = 10.0.40219.1
Project("{FAE04EC0-301F-11D3-BF4B-00C04F79EFBC}") = "Y.Convertor", "Y.Convertor\Y.Convertor.csproj", "{3434EA4C-9794-413A-8980-5148960040F5}"
EndProject
Project("{FAE04EC0-301F-11D3-BF4B-00C04F79EFBC}") = "Test", "Test\Test.csproj", "{58D62BA4-3406-4862-958F-38C68A149308}"
EndProject
Global
	GlobalSection(SolutionConfigurationPlatforms) = preSolution
		Debug|Any CPU = Debug|Any CPU
		Release|Any CPU = Release|Any CPU
	EndGlobalSection
	GlobalSection(ProjectConfigurationPlatforms) = postSolution
		{3434EA4C-9794-413A-8980-5148960040F5}.Debug|Any CPU.ActiveCfg = Debug|Any CPU
		{3434EA4C-9794-413A-8980-5148960040F5}.Debug|Any CPU.Build.0 = Debug|Any CPU
		{3434EA4C-9794-413A-8980-5148960040F5}.Release|Any CPU.ActiveCfg = Release|Any CPU
		{3434EA4C-9794-413A-8980-5148960040F5}.Release|Any CPU.Build.0 = Release|Any CPU
		{58D62BA4-3406-4862-958F-38C68A149308}.Debug|Any CPU.ActiveCfg = Debug|Any CPU
		{58D62BA4-3406-4862-958F-38C68A149308}.Debug|Any CPU.Build.0 = Debug|Any CPU
		{58D62BA4-3406-4862-958F-38C68A149308}.Release|Any CPU.ActiveCfg = Release|Any CPU
		{58D62BA4-3406-4862-958F-38C68A149308}.Release|Any CPU.Build.0 = Release|Any CPU
	EndGlobalSection
	GlobalSection(SolutionProperties) = preSolution
		HideSolutionNode = FALSE
	EndGlobalSection
	GlobalSection(ExtensibilityGlobals) = postSolution
		SolutionGuid = {9BAD6457-CC2F-48F6-9ADD-1256AB2DF997}
	EndGlobalSection
EndGlobal
